// !$*UTF8*$!
{
	archiveVersion = 1;
	classes = {
	};
	objectVersion = 51;
	objects = {

/* Begin PBXBuildFile section */
		82D3F81223573E9A002ABFFD /* AppDelegate.swift in Sources */ = {isa = PBXBuildFile; fileRef = 82D3F81123573E9A002ABFFD /* AppDelegate.swift */; };
		82D3F81423573E9A002ABFFD /* LaunchScreenViewController.swift in Sources */ = {isa = PBXBuildFile; fileRef = 82D3F81323573E9A002ABFFD /* LaunchScreenViewController.swift */; };
		82D3F81723573E9A002ABFFD /* Main.storyboard in Resources */ = {isa = PBXBuildFile; fileRef = 82D3F81523573E9A002ABFFD /* Main.storyboard */; };
		82D3F81923573E9A002ABFFD /* Assets.xcassets in Resources */ = {isa = PBXBuildFile; fileRef = 82D3F81823573E9A002ABFFD /* Assets.xcassets */; };
		82D3F81C23573E9A002ABFFD /* LaunchScreen.storyboard in Resources */ = {isa = PBXBuildFile; fileRef = 82D3F81A23573E9A002ABFFD /* LaunchScreen.storyboard */; };
		82D3F835235756EA002ABFFD /* SpotifyiOS.framework in Frameworks */ = {isa = PBXBuildFile; fileRef = 82D3F834235756EA002ABFFD /* SpotifyiOS.framework */; };
		82D3F83723575779002ABFFD /* Constants.swift in Sources */ = {isa = PBXBuildFile; fileRef = 82D3F83623575779002ABFFD /* Constants.swift */; };
		82D3F83923576B74002ABFFD /* LoginViewController.swift in Sources */ = {isa = PBXBuildFile; fileRef = 82D3F83823576B74002ABFFD /* LoginViewController.swift */; };
		82D3F83B23576DE1002ABFFD /* PlayListViewController.swift in Sources */ = {isa = PBXBuildFile; fileRef = 82D3F83A23576DE1002ABFFD /* PlayListViewController.swift */; };
		82D3F83F23577D00002ABFFD /* ContainerViewController.swift in Sources */ = {isa = PBXBuildFile; fileRef = 82D3F83E23577D00002ABFFD /* ContainerViewController.swift */; };
		9380BA8C7670E6E5531FE184 /* Pods_Spotify.framework in Frameworks */ = {isa = PBXBuildFile; fileRef = EDA59D41A03ECE78A85276FC /* Pods_Spotify.framework */; };
/* End PBXBuildFile section */

/* Begin PBXFileReference section */
		406ECBEA00D5240BAAD5997A /* Pods-Spotify.debug.xcconfig */ = {isa = PBXFileReference; includeInIndex = 1; lastKnownFileType = text.xcconfig; name = "Pods-Spotify.debug.xcconfig"; path = "Target Support Files/Pods-Spotify/Pods-Spotify.debug.xcconfig"; sourceTree = "<group>"; };
		82D3F80E23573E9A002ABFFD /* Spotify.app */ = {isa = PBXFileReference; explicitFileType = wrapper.application; includeInIndex = 0; path = Spotify.app; sourceTree = BUILT_PRODUCTS_DIR; };
		82D3F81123573E9A002ABFFD /* AppDelegate.swift */ = {isa = PBXFileReference; lastKnownFileType = sourcecode.swift; path = AppDelegate.swift; sourceTree = "<group>"; };
		82D3F81323573E9A002ABFFD /* LaunchScreenViewController.swift */ = {isa = PBXFileReference; lastKnownFileType = sourcecode.swift; path = LaunchScreenViewController.swift; sourceTree = "<group>"; };
		82D3F81623573E9A002ABFFD /* Base */ = {isa = PBXFileReference; lastKnownFileType = file.storyboard; name = Base; path = Base.lproj/Main.storyboard; sourceTree = "<group>"; };
		82D3F81823573E9A002ABFFD /* Assets.xcassets */ = {isa = PBXFileReference; lastKnownFileType = folder.assetcatalog; path = Assets.xcassets; sourceTree = "<group>"; };
		82D3F81B23573E9A002ABFFD /* Base */ = {isa = PBXFileReference; lastKnownFileType = file.storyboard; name = Base; path = Base.lproj/LaunchScreen.storyboard; sourceTree = "<group>"; };
		82D3F81D23573E9A002ABFFD /* Info.plist */ = {isa = PBXFileReference; lastKnownFileType = text.plist.xml; path = Info.plist; sourceTree = "<group>"; };
		82D3F8302357562A002ABFFD /* Spotify-Bridging-Header.h */ = {isa = PBXFileReference; lastKnownFileType = sourcecode.c.h; path = "Spotify-Bridging-Header.h"; sourceTree = "<group>"; };
		82D3F834235756EA002ABFFD /* SpotifyiOS.framework */ = {isa = PBXFileReference; lastKnownFileType = wrapper.framework; path = SpotifyiOS.framework; sourceTree = "<group>"; };
		82D3F83623575779002ABFFD /* Constants.swift */ = {isa = PBXFileReference; lastKnownFileType = sourcecode.swift; path = Constants.swift; sourceTree = "<group>"; };
		82D3F83823576B74002ABFFD /* LoginViewController.swift */ = {isa = PBXFileReference; lastKnownFileType = sourcecode.swift; path = LoginViewController.swift; sourceTree = "<group>"; };
		82D3F83A23576DE1002ABFFD /* PlayListViewController.swift */ = {isa = PBXFileReference; lastKnownFileType = sourcecode.swift; path = PlayListViewController.swift; sourceTree = "<group>"; };
		82D3F83E23577D00002ABFFD /* ContainerViewController.swift */ = {isa = PBXFileReference; lastKnownFileType = sourcecode.swift; path = ContainerViewController.swift; sourceTree = "<group>"; };
		A3247635A9FF525B929FD2A1 /* Pods-Spotify.release.xcconfig */ = {isa = PBXFileReference; includeInIndex = 1; lastKnownFileType = text.xcconfig; name = "Pods-Spotify.release.xcconfig"; path = "Target Support Files/Pods-Spotify/Pods-Spotify.release.xcconfig"; sourceTree = "<group>"; };
		EDA59D41A03ECE78A85276FC /* Pods_Spotify.framework */ = {isa = PBXFileReference; explicitFileType = wrapper.framework; includeInIndex = 0; path = Pods_Spotify.framework; sourceTree = BUILT_PRODUCTS_DIR; };
/* End PBXFileReference section */

/* Begin PBXFrameworksBuildPhase section */
		82D3F80B23573E9A002ABFFD /* Frameworks */ = {
			isa = PBXFrameworksBuildPhase;
			buildActionMask = 2147483647;
			files = (
				82D3F835235756EA002ABFFD /* SpotifyiOS.framework in Frameworks */,
				9380BA8C7670E6E5531FE184 /* Pods_Spotify.framework in Frameworks */,
			);
			runOnlyForDeploymentPostprocessing = 0;
		};
/* End PBXFrameworksBuildPhase section */

/* Begin PBXGroup section */
		82D3F80523573E9A002ABFFD = {
			isa = PBXGroup;
			children = (
				82D3F81023573E9A002ABFFD /* Spotify */,
				82D3F80F23573E9A002ABFFD /* Products */,
				D44F7830013182E7257271C3 /* Pods */,
				BE053B785EDD1BAD73903A82 /* Frameworks */,
			);
			sourceTree = "<group>";
		};
		82D3F80F23573E9A002ABFFD /* Products */ = {
			isa = PBXGroup;
			children = (
				82D3F80E23573E9A002ABFFD /* Spotify.app */,
			);
			name = Products;
			sourceTree = "<group>";
		};
		82D3F81023573E9A002ABFFD /* Spotify */ = {
			isa = PBXGroup;
			children = (
				82D3F81123573E9A002ABFFD /* AppDelegate.swift */,
				82D3F81323573E9A002ABFFD /* LaunchScreenViewController.swift */,
				82D3F83823576B74002ABFFD /* LoginViewController.swift */,
				82D3F83E23577D00002ABFFD /* ContainerViewController.swift */,
				82D3F83A23576DE1002ABFFD /* PlayListViewController.swift */,
				82D3F81523573E9A002ABFFD /* Main.storyboard */,
				82D3F81823573E9A002ABFFD /* Assets.xcassets */,
				82D3F81A23573E9A002ABFFD /* LaunchScreen.storyboard */,
				82D3F81D23573E9A002ABFFD /* Info.plist */,
				82D3F8302357562A002ABFFD /* Spotify-Bridging-Header.h */,
				82D3F83623575779002ABFFD /* Constants.swift */,
				82D3F82D235755CA002ABFFD /* Frameworks */,
			);
			path = Spotify;
			sourceTree = "<group>";
		};
		82D3F82D235755CA002ABFFD /* Frameworks */ = {
			isa = PBXGroup;
			children = (
				82D3F834235756EA002ABFFD /* SpotifyiOS.framework */,
			);
			path = Frameworks;
			sourceTree = "<group>";
		};
		BE053B785EDD1BAD73903A82 /* Frameworks */ = {
			isa = PBXGroup;
			children = (
				EDA59D41A03ECE78A85276FC /* Pods_Spotify.framework */,
			);
			name = Frameworks;
			sourceTree = "<group>";
		};
		D44F7830013182E7257271C3 /* Pods */ = {
			isa = PBXGroup;
			children = (
				406ECBEA00D5240BAAD5997A /* Pods-Spotify.debug.xcconfig */,
				A3247635A9FF525B929FD2A1 /* Pods-Spotify.release.xcconfig */,
			);
			path = Pods;
			sourceTree = "<group>";
		};
/* End PBXGroup section */

/* Begin PBXNativeTarget section */
		82D3F80D23573E9A002ABFFD /* Spotify */ = {
			isa = PBXNativeTarget;
			buildConfigurationList = 82D3F82023573E9A002ABFFD /* Build configuration list for PBXNativeTarget "Spotify" */;
			buildPhases = (
				A1115383B0A7A4E5E86A1C6D /* [CP] Check Pods Manifest.lock */,
				82D3F80A23573E9A002ABFFD /* Sources */,
				82D3F80B23573E9A002ABFFD /* Frameworks */,
				82D3F80C23573E9A002ABFFD /* Resources */,
				9D59BB6616DDE81EBD85A213 /* [CP] Embed Pods Frameworks */,
			);
			buildRules = (
			);
			dependencies = (
			);
			name = Spotify;
			productName = Spotify;
			productReference = 82D3F80E23573E9A002ABFFD /* Spotify.app */;
			productType = "com.apple.product-type.application";
		};
/* End PBXNativeTarget section */

/* Begin PBXProject section */
		82D3F80623573E9A002ABFFD /* Project object */ = {
			isa = PBXProject;
			attributes = {
				LastSwiftUpdateCheck = 1030;
				LastUpgradeCheck = 1030;
				ORGANIZATIONNAME = "Mohsen Moghimi";
				TargetAttributes = {
					82D3F80D23573E9A002ABFFD = {
						CreatedOnToolsVersion = 10.3;
						LastSwiftMigration = 1030;
					};
				};
			};
			buildConfigurationList = 82D3F80923573E9A002ABFFD /* Build configuration list for PBXProject "Spotify" */;
			compatibilityVersion = "Xcode 9.3";
			developmentRegion = en;
			hasScannedForEncodings = 0;
			knownRegions = (
				en,
				Base,
			);
			mainGroup = 82D3F80523573E9A002ABFFD;
			productRefGroup = 82D3F80F23573E9A002ABFFD /* Products */;
			projectDirPath = "";
			projectRoot = "";
			targets = (
				82D3F80D23573E9A002ABFFD /* Spotify */,
			);
		};
/* End PBXProject section */

/* Begin PBXResourcesBuildPhase section */
		82D3F80C23573E9A002ABFFD /* Resources */ = {
			isa = PBXResourcesBuildPhase;
			buildActionMask = 2147483647;
			files = (
				82D3F81C23573E9A002ABFFD /* LaunchScreen.storyboard in Resources */,
				82D3F81923573E9A002ABFFD /* Assets.xcassets in Resources */,
				82D3F81723573E9A002ABFFD /* Main.storyboard in Resources */,
			);
			runOnlyForDeploymentPostprocessing = 0;
		};
/* End PBXResourcesBuildPhase section */

/* Begin PBXShellScriptBuildPhase section */
		9D59BB6616DDE81EBD85A213 /* [CP] Embed Pods Frameworks */ = {
			isa = PBXShellScriptBuildPhase;
			buildActionMask = 2147483647;
			files = (
			);
			inputFileListPaths = (
				"${PODS_ROOT}/Target Support Files/Pods-Spotify/Pods-Spotify-frameworks-${CONFIGURATION}-input-files.xcfilelist",
			);
			name = "[CP] Embed Pods Frameworks";
			outputFileListPaths = (
				"${PODS_ROOT}/Target Support Files/Pods-Spotify/Pods-Spotify-frameworks-${CONFIGURATION}-output-files.xcfilelist",
			);
			runOnlyForDeploymentPostprocessing = 0;
			shellPath = /bin/sh;
			shellScript = "\"${PODS_ROOT}/Target Support Files/Pods-Spotify/Pods-Spotify-frameworks.sh\"\n";
			showEnvVarsInLog = 0;
		};
		A1115383B0A7A4E5E86A1C6D /* [CP] Check Pods Manifest.lock */ = {
			isa = PBXShellScriptBuildPhase;
			buildActionMask = 2147483647;
			files = (
			);
			inputFileListPaths = (
			);
			inputPaths = (
				"${PODS_PODFILE_DIR_PATH}/Podfile.lock",
				"${PODS_ROOT}/Manifest.lock",
			);
			name = "[CP] Check Pods Manifest.lock";
			outputFileListPaths = (
			);
			outputPaths = (
				"$(DERIVED_FILE_DIR)/Pods-Spotify-checkManifestLockResult.txt",
			);
			runOnlyForDeploymentPostprocessing = 0;
			shellPath = /bin/sh;
			shellScript = "diff \"${PODS_PODFILE_DIR_PATH}/Podfile.lock\" \"${PODS_ROOT}/Manifest.lock\" > /dev/null\nif [ $? != 0 ] ; then\n    # print error to STDERR\n    echo \"error: The sandbox is not in sync with the Podfile.lock. Run 'pod install' or update your CocoaPods installation.\" >&2\n    exit 1\nfi\n# This output is used by Xcode 'outputs' to avoid re-running this script phase.\necho \"SUCCESS\" > \"${SCRIPT_OUTPUT_FILE_0}\"\n";
			showEnvVarsInLog = 0;
		};
/* End PBXShellScriptBuildPhase section */

/* Begin PBXSourcesBuildPhase section */
		82D3F80A23573E9A002ABFFD /* Sources */ = {
			isa = PBXSourcesBuildPhase;
			buildActionMask = 2147483647;
			files = (
				82D3F83B23576DE1002ABFFD /* PlayListViewController.swift in Sources */,
				82D3F83923576B74002ABFFD /* LoginViewController.swift in Sources */,
				82D3F81423573E9A002ABFFD /* LaunchScreenViewController.swift in Sources */,
				82D3F81223573E9A002ABFFD /* AppDelegate.swift in Sources */,
				82D3F83F23577D00002ABFFD /* ContainerViewController.swift in Sources */,
				82D3F83723575779002ABFFD /* Constants.swift in Sources */,
			);
			runOnlyForDeploymentPostprocessing = 0;
		};
/* End PBXSourcesBuildPhase section */

/* Begin PBXVariantGroup section */
		82D3F81523573E9A002ABFFD /* Main.storyboard */ = {
			isa = PBXVariantGroup;
			children = (
				82D3F81623573E9A002ABFFD /* Base */,
			);
			name = Main.storyboard;
			sourceTree = "<group>";
		};
		82D3F81A23573E9A002ABFFD /* LaunchScreen.storyboard */ = {
			isa = PBXVariantGroup;
			children = (
				82D3F81B23573E9A002ABFFD /* Base */,
			);
			name = LaunchScreen.storyboard;
			sourceTree = "<group>";
		};
/* End PBXVariantGroup section */

/* Begin XCBuildConfiguration section */
		82D3F81E23573E9A002ABFFD /* Debug */ = {
			isa = XCBuildConfiguration;
			buildSettings = {
				ALWAYS_SEARCH_USER_PATHS = NO;
				CLANG_ANALYZER_NONNULL = YES;
				CLANG_ANALYZER_NUMBER_OBJECT_CONVERSION = YES_AGGRESSIVE;
				CLANG_CXX_LANGUAGE_STANDARD = "gnu++14";
				CLANG_CXX_LIBRARY = "libc++";
				CLANG_ENABLE_MODULES = YES;
				CLANG_ENABLE_OBJC_ARC = YES;
				CLANG_ENABLE_OBJC_WEAK = YES;
				CLANG_WARN_BLOCK_CAPTURE_AUTORELEASING = YES;
				CLANG_WARN_BOOL_CONVERSION = YES;
				CLANG_WARN_COMMA = YES;
				CLANG_WARN_CONSTANT_CONVERSION = YES;
				CLANG_WARN_DEPRECATED_OBJC_IMPLEMENTATIONS = YES;
				CLANG_WARN_DIRECT_OBJC_ISA_USAGE = YES_ERROR;
				CLANG_WARN_DOCUMENTATION_COMMENTS = YES;
				CLANG_WARN_EMPTY_BODY = YES;
				CLANG_WARN_ENUM_CONVERSION = YES;
				CLANG_WARN_INFINITE_RECURSION = YES;
				CLANG_WARN_INT_CONVERSION = YES;
				CLANG_WARN_NON_LITERAL_NULL_CONVERSION = YES;
				CLANG_WARN_OBJC_IMPLICIT_RETAIN_SELF = YES;
				CLANG_WARN_OBJC_LITERAL_CONVERSION = YES;
				CLANG_WARN_OBJC_ROOT_CLASS = YES_ERROR;
				CLANG_WARN_RANGE_LOOP_ANALYSIS = YES;
				CLANG_WARN_STRICT_PROTOTYPES = YES;
				CLANG_WARN_SUSPICIOUS_MOVE = YES;
				CLANG_WARN_UNGUARDED_AVAILABILITY = YES_AGGRESSIVE;
				CLANG_WARN_UNREACHABLE_CODE = YES;
				CLANG_WARN__DUPLICATE_METHOD_MATCH = YES;
				CODE_SIGN_IDENTITY = "iPhone Developer";
				COPY_PHASE_STRIP = NO;
				DEBUG_INFORMATION_FORMAT = dwarf;
				ENABLE_STRICT_OBJC_MSGSEND = YES;
				ENABLE_TESTABILITY = YES;
				GCC_C_LANGUAGE_STANDARD = gnu11;
				GCC_DYNAMIC_NO_PIC = NO;
				GCC_NO_COMMON_BLOCKS = YES;
				GCC_OPTIMIZATION_LEVEL = 0;
				GCC_PREPROCESSOR_DEFINITIONS = (
					"DEBUG=1",
					"$(inherited)",
				);
				GCC_WARN_64_TO_32_BIT_CONVERSION = YES;
				GCC_WARN_ABOUT_RETURN_TYPE = YES_ERROR;
				GCC_WARN_UNDECLARED_SELECTOR = YES;
				GCC_WARN_UNINITIALIZED_AUTOS = YES_AGGRESSIVE;
				GCC_WARN_UNUSED_FUNCTION = YES;
				GCC_WARN_UNUSED_VARIABLE = YES;
				IPHONEOS_DEPLOYMENT_TARGET = 12.4;
				MTL_ENABLE_DEBUG_INFO = INCLUDE_SOURCE;
				MTL_FAST_MATH = YES;
				ONLY_ACTIVE_ARCH = YES;
				SDKROOT = iphoneos;
				SWIFT_ACTIVE_COMPILATION_CONDITIONS = DEBUG;
				SWIFT_OPTIMIZATION_LEVEL = "-Onone";
			};
			name = Debug;
		};
		82D3F81F23573E9A002ABFFD /* Release */ = {
			isa = XCBuildConfiguration;
			buildSettings = {
				ALWAYS_SEARCH_USER_PATHS = NO;
				CLANG_ANALYZER_NONNULL = YES;
				CLANG_ANALYZER_NUMBER_OBJECT_CONVERSION = YES_AGGRESSIVE;
				CLANG_CXX_LANGUAGE_STANDARD = "gnu++14";
				CLANG_CXX_LIBRARY = "libc++";
				CLANG_ENABLE_MODULES = YES;
				CLANG_ENABLE_OBJC_ARC = YES;
				CLANG_ENABLE_OBJC_WEAK = YES;
				CLANG_WARN_BLOCK_CAPTURE_AUTORELEASING = YES;
				CLANG_WARN_BOOL_CONVERSION = YES;
				CLANG_WARN_COMMA = YES;
				CLANG_WARN_CONSTANT_CONVERSION = YES;
				CLANG_WARN_DEPRECATED_OBJC_IMPLEMENTATIONS = YES;
				CLANG_WARN_DIRECT_OBJC_ISA_USAGE = YES_ERROR;
				CLANG_WARN_DOCUMENTATION_COMMENTS = YES;
				CLANG_WARN_EMPTY_BODY = YES;
				CLANG_WARN_ENUM_CONVERSION = YES;
				CLANG_WARN_INFINITE_RECURSION = YES;
				CLANG_WARN_INT_CONVERSION = YES;
				CLANG_WARN_NON_LITERAL_NULL_CONVERSION = YES;
				CLANG_WARN_OBJC_IMPLICIT_RETAIN_SELF = YES;
				CLANG_WARN_OBJC_LITERAL_CONVERSION = YES;
				CLANG_WARN_OBJC_ROOT_CLASS = YES_ERROR;
				CLANG_WARN_RANGE_LOOP_ANALYSIS = YES;
				CLANG_WARN_STRICT_PROTOTYPES = YES;
				CLANG_WARN_SUSPICIOUS_MOVE = YES;
				CLANG_WARN_UNGUARDED_AVAILABILITY = YES_AGGRESSIVE;
				CLANG_WARN_UNREACHABLE_CODE = YES;
				CLANG_WARN__DUPLICATE_METHOD_MATCH = YES;
				CODE_SIGN_IDENTITY = "iPhone Developer";
				COPY_PHASE_STRIP = NO;
				DEBUG_INFORMATION_FORMAT = "dwarf-with-dsym";
				ENABLE_NS_ASSERTIONS = NO;
				ENABLE_STRICT_OBJC_MSGSEND = YES;
				GCC_C_LANGUAGE_STANDARD = gnu11;
				GCC_NO_COMMON_BLOCKS = YES;
				GCC_WARN_64_TO_32_BIT_CONVERSION = YES;
				GCC_WARN_ABOUT_RETURN_TYPE = YES_ERROR;
				GCC_WARN_UNDECLARED_SELECTOR = YES;
				GCC_WARN_UNINITIALIZED_AUTOS = YES_AGGRESSIVE;
				GCC_WARN_UNUSED_FUNCTION = YES;
				GCC_WARN_UNUSED_VARIABLE = YES;
				IPHONEOS_DEPLOYMENT_TARGET = 12.4;
				MTL_ENABLE_DEBUG_INFO = NO;
				MTL_FAST_MATH = YES;
				SDKROOT = iphoneos;
				SWIFT_COMPILATION_MODE = wholemodule;
				SWIFT_OPTIMIZATION_LEVEL = "-O";
				VALIDATE_PRODUCT = YES;
			};
			name = Release;
		};
		82D3F82123573E9A002ABFFD /* Debug */ = {
			isa = XCBuildConfiguration;
			baseConfigurationReference = 406ECBEA00D5240BAAD5997A /* Pods-Spotify.debug.xcconfig */;
			buildSettings = {
				ASSETCATALOG_COMPILER_APPICON_NAME = AppIcon;
				CLANG_ENABLE_MODULES = YES;
				CODE_SIGN_STYLE = Automatic;
				DEVELOPMENT_TEAM = 37J3KA3VZ8;
				FRAMEWORK_SEARCH_PATHS = (
					"$(inherited)",
					"$(PROJECT_DIR)/Spotify/Frameworks",
				);
				INFOPLIST_FILE = Spotify/Info.plist;
				LD_RUNPATH_SEARCH_PATHS = (
					"$(inherited)",
					"@executable_path/Frameworks",
				);
				PRODUCT_BUNDLE_IDENTIFIER = com.mydigipay.spotifytest;
				PRODUCT_NAME = "$(TARGET_NAME)";
				SWIFT_OBJC_BRIDGING_HEADER = "Spotify/Spotify-Bridging-Header.h";
				SWIFT_OPTIMIZATION_LEVEL = "-Onone";
				SWIFT_VERSION = 5.0;
				TARGETED_DEVICE_FAMILY = "1,2";
			};
			name = Debug;
		};
		82D3F82223573E9A002ABFFD /* Release */ = {
			isa = XCBuildConfiguration;
			baseConfigurationReference = A3247635A9FF525B929FD2A1 /* Pods-Spotify.release.xcconfig */;
			buildSettings = {
				ASSETCATALOG_COMPILER_APPICON_NAME = AppIcon;
				CLANG_ENABLE_MODULES = YES;
				CODE_SIGN_STYLE = Automatic;
				DEVELOPMENT_TEAM = 37J3KA3VZ8;
				FRAMEWORK_SEARCH_PATHS = (
					"$(inherited)",
					"$(PROJECT_DIR)/Spotify/Frameworks",
				);
				INFOPLIST_FILE = Spotify/Info.plist;
				LD_RUNPATH_SEARCH_PATHS = (
					"$(inherited)",
					"@executable_path/Frameworks",
				);
				PRODUCT_BUNDLE_IDENTIFIER = com.mydigipay.spotifytest;
				PRODUCT_NAME = "$(TARGET_NAME)";
				SWIFT_OBJC_BRIDGING_HEADER = "Spotify/Spotify-Bridging-Header.h";
				SWIFT_VERSION = 5.0;
				TARGETED_DEVICE_FAMILY = "1,2";
			};
			name = Release;
		};
/* End XCBuildConfiguration section */

/* Begin XCConfigurationList section */
		82D3F80923573E9A002ABFFD /* Build configuration list for PBXProject "Spotify" */ = {
			isa = XCConfigurationList;
			buildConfigurations = (
				82D3F81E23573E9A002ABFFD /* Debug */,
				82D3F81F23573E9A002ABFFD /* Release */,
			);
			defaultConfigurationIsVisible = 0;
			defaultConfigurationName = Release;
		};
		82D3F82023573E9A002ABFFD /* Build configuration list for PBXNativeTarget "Spotify" */ = {
			isa = XCConfigurationList;
			buildConfigurations = (
				82D3F82123573E9A002ABFFD /* Debug */,
				82D3F82223573E9A002ABFFD /* Release */,
			);
			defaultConfigurationIsVisible = 0;
			defaultConfigurationName = Release;
		};
/* End XCConfigurationList section */
	};
	rootObject = 82D3F80623573E9A002ABFFD /* Project object */;
}
